
Microsoft Visual Studio Solution File, Format Version 12.00
# Visual Studio Version 16
VisualStudioVersion = 16.0.30503.244
MinimumVisualStudioVersion = 10.0.40219.1
Project("{FAE04EC0-301F-11D3-BF4B-00C04F79EFBC}") = "CacheTable", "CacheTable.csproj", "{A82DDD9D-AAEA-4A95-856D-B4F64956D374}"
EndProject
Global
	GlobalSection(SolutionConfigurationPlatforms) = preSolution
		Debug|Any CPU = Debug|Any CPU
		Release|Any CPU = Release|Any CPU
	EndGlobalSection
	GlobalSection(ProjectConfigurationPlatforms) = postSolution
		{A82DDD9D-AAEA-4A95-856D-B4F64956D374}.Debug|Any CPU.ActiveCfg = Debug|Any CPU
		{A82DDD9D-AAEA-4A95-856D-B4F64956D374}.Debug|Any CPU.Build.0 = Debug|Any CPU
		{A82DDD9D-AAEA-4A95-856D-B4F64956D374}.Release|Any CPU.ActiveCfg = Release|Any CPU
		{A82DDD9D-AAEA-4A95-856D-B4F64956D374}.Release|Any CPU.Build.0 = Release|Any CPU
	EndGlobalSection
	GlobalSection(SolutionProperties) = preSolution
		HideSolutionNode = FALSE
	EndGlobalSection
	GlobalSection(ExtensibilityGlobals) = postSolution
		SolutionGuid = {5F0AA8B5-1322-408E-AD24-9529C219D559}
	EndGlobalSection
EndGlobal
